{
  "name": "JavascriptProgrammingConstructs",
  "lockfileVersion": 2,
  "requires": true,
  "packages": {
    "": {
      "dependencies": {
        "sync": "^0.2.5"
      }
    },
    "node_modules/detect-libc": {
      "version": "1.0.3",
      "resolved": "https://registry.npmjs.org/detect-libc/-/detect-libc-1.0.3.tgz",
      "integrity": "sha1-+hN8S9aY7fVc1c0CrFWfkaTEups=",
      "bin": {
        "detect-libc": "bin/detect-libc.js"
      },
      "engines": {
        "node": ">=0.10"
      }
    },
    "node_modules/fibers": {
      "version": "5.0.1",
      "resolved": "https://registry.npmjs.org/fibers/-/fibers-5.0.1.tgz",
      "integrity": "sha512-VMC7Frt87Oo0AOJ6EcPFbi+tZmkQ4tD85aatwyWL6I9cYMJmm2e+pXUJsfGZ36U7MffXtjou2XIiWJMtHriErw==",
      "hasInstallScript": true,
      "dependencies": {
        "detect-libc": "^1.0.3"
      },
      "engines": {
        "node": ">=10.0.0"
      }
    },
    "node_modules/sync": {
      "version": "0.2.5",
      "resolved": "https://registry.npmjs.org/sync/-/sync-0.2.5.tgz",
      "integrity": "sha1-ORC7m2ar7lZULi5w8M5UkDElLfY=",
      "dependencies": {
        "fibers": ">=0.6"
      },
      "engines": {
        "node": ">=0.5.2"
      }
    }
  },
  "dependencies": {
    "detect-libc": {
      "version": "1.0.3",
      "resolved": "https://registry.npmjs.org/detect-libc/-/detect-libc-1.0.3.tgz",
      "integrity": "sha1-+hN8S9aY7fVc1c0CrFWfkaTEups="
    },
    "fibers": {
      "version": "5.0.1",
      "resolved": "https://registry.npmjs.org/fibers/-/fibers-5.0.1.tgz",
      "integrity": "sha512-VMC7Frt87Oo0AOJ6EcPFbi+tZmkQ4tD85aatwyWL6I9cYMJmm2e+pXUJsfGZ36U7MffXtjou2XIiWJMtHriErw==",
      "requires": {
        "detect-libc": "^1.0.3"
      }
    },
    "sync": {
      "version": "0.2.5",
      "resolved": "https://registry.npmjs.org/sync/-/sync-0.2.5.tgz",
      "integrity": "sha1-ORC7m2ar7lZULi5w8M5UkDElLfY=",
      "requires": {
        "fibers": ">=0.6"
      }
    }
  }
}
